
Microsoft Visual Studio Solution File, Format Version 12.00
Project("{FAE04EC0-301F-11D3-BF4B-00C04F79EFBC}") = "aoc-2020", "aoc-2020\aoc-2020.csproj", "{0C32D96F-61FE-40E6-9542-C14ED1C96D3C}"
EndProject
Global
	GlobalSection(SolutionConfigurationPlatforms) = preSolution
		Debug|Any CPU = Debug|Any CPU
		Release|Any CPU = Release|Any CPU
	EndGlobalSection
	GlobalSection(ProjectConfigurationPlatforms) = postSolution
		{0C32D96F-61FE-40E6-9542-C14ED1C96D3C}.Debug|Any CPU.ActiveCfg = Debug|Any CPU
		{0C32D96F-61FE-40E6-9542-C14ED1C96D3C}.Debug|Any CPU.Build.0 = Debug|Any CPU
		{0C32D96F-61FE-40E6-9542-C14ED1C96D3C}.Release|Any CPU.ActiveCfg = Release|Any CPU
		{0C32D96F-61FE-40E6-9542-C14ED1C96D3C}.Release|Any CPU.Build.0 = Release|Any CPU
	EndGlobalSection
EndGlobal
